github.com/behavioral-ai/collective v0.0.0-20250602173008-7bbfe760eff9 h1:8CxTKjQWQoF9GHjd4TAkuZH6lM5Qla3jW+IfUxZIeO4=
github.com/behavioral-ai/collective v0.0.0-20250602173008-7bbfe760eff9/go.mod h1:0JRwtrah0Cb6edhgWb8/SGbOrzQHjG2v0DvqxMOf1hk=
github.com/behavioral-ai/collective v0.0.0-20250603124223-f63d7e927a5a h1:7T9MzD4Is6PaXmFXMK9jS5aDVYe4BHzpLpDKyT9sbvA=
github.com/behavioral-ai/collective v0.0.0-20250603124223-f63d7e927a5a/go.mod h1:0JRwtrah0Cb6edhgWb8/SGbOrzQHjG2v0DvqxMOf1hk=
github.com/behavioral-ai/collective v0.0.0-20250603170203-8d95f81d3f81 h1:pnwr/eFFGkj24plMG54lPjmj++Mi7enrVN0hS33mShs=
github.com/behavioral-ai/collective v0.0.0-20250603170203-8d95f81d3f81/go.mod h1:UwfBZyOxjPPNp+Xh8bSh6v84LsgPiYr7PoEt4isWWes=
github.com/behavioral-ai/collective v0.0.0-20250604183756-48570b635392 h1:Zuns5g7Xa2LESEXXIUQSrfsFQdTh6M7UwFrRLrY7VPQ=
github.com/behavioral-ai/collective v0.0.0-20250604183756-48570b635392/go.mod h1:Y9aXRJlh9R4jH8oAJiw4UObVdru317OEDx2R+WgjCfA=
github.com/behavioral-ai/collective v0.0.0-20250605182832-878ae0e1ef88 h1:CHqzGZx26t8VUa+4innr2WGc4POcHWfpq5a9GuX4A7g=
github.com/behavioral-ai/collective v0.0.0-20250605182832-878ae0e1ef88/go.mod h1:UX1v1H1kcUXDaEATyNRqGLGUgUv0PvPI70Fa97sRtpY=
github.com/behavioral-ai/collective v0.0.0-20250605202156-a3b3a8201e59 h1:ZZ4kLdbuxDoFF2kD0QyZJBU6ODg7glkOlqb7LPkVtVw=
github.com/behavioral-ai/collective v0.0.0-20250605202156-a3b3a8201e59/go.mod h1:P0kmmJyd0zhThbNtW9tMgIyoZIzZiJW9gsw+DNxaUSk=
github.com/behavioral-ai/collective v0.0.0-20250605211907-aee9b12275c9 h1:c2kzsVNORqNrB6U0tc+x30PEh0q1xvqS/0jag3SAHmw=
github.com/behavioral-ai/collective v0.0.0-20250605211907-aee9b12275c9/go.mod h1:A4SgTbRYpS0aPlrS9Nr4NVN+MC+YuYUc3OX20ytoGNY=
github.com/behavioral-ai/collective v0.0.0-20250605220349-b8b6d7b9421b h1:+u/4SGpYqQT6U/5JLHOxJ9wf8dV/YGoIqt5gAWAFTN0=
github.com/behavioral-ai/collective v0.0.0-20250605220349-b8b6d7b9421b/go.mod h1:8XS8B/J0h3gbvkpFI+RyuI7xhoZoiunqRok6poH/oM4=
github.com/behavioral-ai/collective v0.0.0-20250606152436-8835f7cb6aad h1:rGxCM3TzXvYJ1PO4NUfyv8HdTzL9uyMSYMQMX92Xz3c=
github.com/behavioral-ai/collective v0.0.0-20250606152436-8835f7cb6aad/go.mod h1:AjStuKEXaSfn+WtUllEtIi1ecDow/V30Wx766oNy/qw=
github.com/behavioral-ai/core v0.0.0-20250601175536-6a75bab7fa71 h1:tANEX0jpbuP+UTIOwugv617zokLKovjQT12B1Qu1h3I=
github.com/behavioral-ai/core v0.0.0-20250601175536-6a75bab7fa71/go.mod h1:sqpbaRPtMXUb4j6CbCuwWvQrD6pUKJm5oZEKPDynlPE=
github.com/behavioral-ai/core v0.0.0-20250603153900-0424bb65be46 h1:Pgw40NzDBtY4poIQtIfrPS6GC1iqI1aKZ789pWRUYvg=
github.com/behavioral-ai/core v0.0.0-20250603153900-0424bb65be46/go.mod h1:sqpbaRPtMXUb4j6CbCuwWvQrD6pUKJm5oZEKPDynlPE=
github.com/behavioral-ai/core v0.0.0-20250605171947-d32d0b165869 h1:j+vuSLA3toG7JTCTizOc3YqjM7dnADbqsWBbRR7Kfio=
github.com/behavioral-ai/core v0.0.0-20250605171947-d32d0b165869/go.mod h1:sqpbaRPtMXUb4j6CbCuwWvQrD6pUKJm5oZEKPDynlPE=
github.com/behavioral-ai/core v0.0.0-20250605193103-d11491b611e3 h1:ZOj8kyb1iiEOONdcwkvf45cQs9yrUWHqCC5BTXqnEz4=
github.com/behavioral-ai/core v0.0.0-20250605193103-d11491b611e3/go.mod h1:sqpbaRPtMXUb4j6CbCuwWvQrD6pUKJm5oZEKPDynlPE=
github.com/behavioral-ai/core v0.0.0-20250605203139-d855df071d1f h1:ubhH0pC4ktAk6WhnPaG+0gmS8WJKn+LpR8GD3E/AF6c=
github.com/behavioral-ai/core v0.0.0-20250605203139-d855df071d1f/go.mod h1:sqpbaRPtMXUb4j6CbCuwWvQrD6pUKJm5oZEKPDynlPE=
github.com/behavioral-ai/core v0.0.0-20250605211830-77fac671feda h1:m2dZ7YJ58qUoPL/jKvKz1BS2OXTeCIfYyC2CA1RMBzU=
github.com/behavioral-ai/core v0.0.0-20250605211830-77fac671feda/go.mod h1:sqpbaRPtMXUb4j6CbCuwWvQrD6pUKJm5oZEKPDynlPE=
github.com/behavioral-ai/core v0.0.0-20250606150459-2d9e07918b74 h1:h/Q5oakO2x0enZHBLGr8ENSwOhXUN8Kt8AQQOMU8fZU=
github.com/behavioral-ai/core v0.0.0-20250606150459-2d9e07918b74/go.mod h1:sqpbaRPtMXUb4j6CbCuwWvQrD6pUKJm5oZEKPDynlPE=
github.com/davecgh/go-spew v1.1.0 h1:ZDRjVQ15GmhC3fiQ8ni8+OwkZQO4DARzQgrnXU1Liz8=
github.com/davecgh/go-spew v1.1.0/go.mod h1:J7Y8YcW2NihsgmVo/mv3lAwl/skON4iLHjSsI+c5H38=
github.com/dchest/siphash v1.2.2/go.mod h1:q+IRvb2gOSrUnYoPqHiyHXS0FOBBOdl6tONBlVnOnt4=
github.com/dchest/siphash v1.2.3 h1:QXwFc8cFOR2dSa/gE6o/HokBMWtLUaNDVd+22aKHeEA=
github.com/dchest/siphash v1.2.3/go.mod h1:0NvQU092bT0ipiFN++/rXm69QG9tVxLAlQHIXMPAkHc=
github.com/dustinxie/lockfree v0.0.0-20210712051436-ed0ed42fd0d6 h1:OCG9DHxQwv2sABVGARZaUh4OK8dVaR3kzTIHV0vW4gg=
github.com/dustinxie/lockfree v0.0.0-20210712051436-ed0ed42fd0d6/go.mod h1:m7oIj8lFrQgKxP9h9m6GxjzGbTuMD5/5yXF8+pTpJms=
github.com/google/uuid v1.6.0 h1:NIvaJDMOsjHA8n1jAhLSgzrAzy1Hgr+hNrb57e+94F0=
github.com/google/uuid v1.6.0/go.mod h1:TIyPZe4MgqvfeYDBFedMoGGpEw/LqOeaOT+nhxU+yHo=
github.com/pmezard/go-difflib v1.0.0 h1:4DBwDE0NGyQoBHbLQYPwSUPoCMWR5BEzIk/f1lZbAQM=
github.com/pmezard/go-difflib v1.0.0/go.mod h1:iKH77koFhYxTK1pcRnkKkqfTogsbg7gZNVY4sRDYZ/4=
github.com/stretchr/objx v0.1.0/go.mod h1:HFkY916IF+rwdDfMAkV7OtwuqBVzrE8GR6GFx+wExME=
github.com/stretchr/testify v1.6.1 h1:hDPOHmpOpP40lSULcqw7IrRb/u7w6RpDC9399XyoNd0=
github.com/stretchr/testify v1.6.1/go.mod h1:6Fq8oRcR53rry900zMqJjRRixrwX3KX962/h/Wwjteg=
golang.org/x/time v0.11.0 h1:/bpjEDfN9tkoN/ryeYHnv5hcMlc8ncjMcM4XBk5NWV0=
golang.org/x/time v0.11.0/go.mod h1:CDIdPxbZBQxdj6cxyCIdrNogrJKMJ7pr37NYpMcMDSg=
gopkg.in/check.v1 v0.0.0-20161208181325-20d25e280405/go.mod h1:Co6ibVJAznAaIkqp8huTwlJQCZ016jof/cbN4VW5Yz0=
gopkg.in/yaml.v3 v3.0.0-20200313102051-9f266ea9e77c h1:dUUwHk2QECo/6vqA44rthZ8ie2QXMNeKRTHCNY2nXvo=
gopkg.in/yaml.v3 v3.0.0-20200313102051-9f266ea9e77c/go.mod h1:K4uyk7z7BCEPqu6E+C64Yfv1cQ7kz7rIZviUmN+EgEM=
