github.com/appellative-ai/agency v0.0.0-20250818180007-517e14b7d143 h1:p0W7lpW9eAS+WMAp+jwFFioB8sLxyLZXS3J62+epoYU=
github.com/appellative-ai/agency v0.0.0-20250818180007-517e14b7d143/go.mod h1:7SbrLYNbvWLX2eDpmOqUkOf5Avmejrq28lfJGcge1vk=
github.com/appellative-ai/agency v0.0.0-20250818202702-09b698d85a70 h1:MDEoJx7rw1/CBXSPhyQRpLTb/MQIm/LCF8GEyE8111A=
github.com/appellative-ai/agency v0.0.0-20250818202702-09b698d85a70/go.mod h1:LTPNoU9N2gwnYUQpRzC2cFfugIE8aFqKAnXo1IOk4yM=
github.com/appellative-ai/agency v0.0.0-20250820102553-594b7ab96745 h1:OqCKfKDq2hWu6AgBYkBzPbgKyJTr9q1t+Q/sxKZTm8Q=
github.com/appellative-ai/agency v0.0.0-20250820102553-594b7ab96745/go.mod h1:Y/jITYNhAzp51SHIZhXPFEhO6V56X4OHJtvK65ClcrY=
github.com/appellative-ai/agency v0.0.0-20250820120629-4ebd36b375f5 h1:Pgs54ZMDzR/vmcibCRDRSRkxxiqv1hWvMqKF9yUqcgM=
github.com/appellative-ai/agency v0.0.0-20250820120629-4ebd36b375f5/go.mod h1:Y/jITYNhAzp51SHIZhXPFEhO6V56X4OHJtvK65ClcrY=
github.com/appellative-ai/collective v0.0.0-20250716192820-806bbc60d6dc h1:3BJ6rbZQzDVTngo8feLpmkq/g4F1t1qB0irzsEVGsFc=
github.com/appellative-ai/collective v0.0.0-20250716192820-806bbc60d6dc/go.mod h1:WLgXEq90cU+gcj/k2D+qa8ZuXL0McOtduEOC82WiPW0=
github.com/appellative-ai/collective v0.0.0-20250718103010-04756c5ec6e5 h1:SiUWJ5Gl5uXCD9kKnd/gcA6brz8RGufgz5W9KoQqA+c=
github.com/appellative-ai/collective v0.0.0-20250718103010-04756c5ec6e5/go.mod h1:WLgXEq90cU+gcj/k2D+qa8ZuXL0McOtduEOC82WiPW0=
github.com/appellative-ai/collective v0.0.0-20250718220634-d73cc4a14675 h1:kurYfRV/0GEDNEEoBndbwmYyPr1yoHNlKV0qrhdKQYc=
github.com/appellative-ai/collective v0.0.0-20250718220634-d73cc4a14675/go.mod h1:V1oPZ5jpNfU0C3N93h56GMOi3XhX9L3LtmYvN3MOTfQ=
github.com/appellative-ai/collective v0.0.0-20250730124947-87e0090ab24d h1:zEXBXYpb1QaMPhVhkjojVjkJdYKVSKMunsV3kveQox4=
github.com/appellative-ai/collective v0.0.0-20250730124947-87e0090ab24d/go.mod h1:Mj/ChIZEQFd8anIvQuDBvq2UBlZ/MsVKg/svyeEGpZE=
github.com/appellative-ai/collective v0.0.0-20250730190106-49ccc1df8e94 h1:m3aFGK075vTXTMLw62PALX10PKJUPFq2r8UbZHHNOR8=
github.com/appellative-ai/collective v0.0.0-20250730190106-49ccc1df8e94/go.mod h1:Mj/ChIZEQFd8anIvQuDBvq2UBlZ/MsVKg/svyeEGpZE=
github.com/appellative-ai/collective v0.0.0-20250804131734-88eca7e58d61 h1:5nrIcHcyPhUXTZj9acZQPwnHJpxxu6Og0zhXZXW1td4=
github.com/appellative-ai/collective v0.0.0-20250804131734-88eca7e58d61/go.mod h1:/VmPyjbuIGzACGNtrZcVu24S/U7add8O0A5hzldx9qE=
github.com/appellative-ai/collective v0.0.0-20250805181530-df5fc4e10323 h1:fkK5DDctlCkzB6YquA9fLRYIPvaTbOBjhL7IGmieNsI=
github.com/appellative-ai/collective v0.0.0-20250805181530-df5fc4e10323/go.mod h1:/VmPyjbuIGzACGNtrZcVu24S/U7add8O0A5hzldx9qE=
github.com/appellative-ai/collective v0.0.0-20250809153716-4ea7ea145f4a h1:5WirUrLRdc/NrPnXwX7qO6iWjyU+9lwVBEnRySgBmbU=
github.com/appellative-ai/collective v0.0.0-20250809153716-4ea7ea145f4a/go.mod h1:tkyRU33dlurdyJxqvdJSCQTeWuNA3gjyfQCJY1sgd6Y=
github.com/appellative-ai/collective v0.0.0-20250811150630-6ac97687c0dc h1:6XU7n1UU0OT0Q//f4wJWYC/f9LVggYri9iLOQxi7+i8=
github.com/appellative-ai/collective v0.0.0-20250811150630-6ac97687c0dc/go.mod h1:tkyRU33dlurdyJxqvdJSCQTeWuNA3gjyfQCJY1sgd6Y=
github.com/appellative-ai/collective v0.0.0-20250815125425-a64c7ffda950 h1:22mq1rXX7OGsfIKft9hvROsS3s22P39sKhs7rY6kotE=
github.com/appellative-ai/collective v0.0.0-20250815125425-a64c7ffda950/go.mod h1:oD7NI3EJUpFknx405ym2f0hpMy+icwfM9EHR233u2Xw=
github.com/appellative-ai/collective v0.0.0-20250818144224-de9b527a6b79 h1:k8GyGUZH8PGJLem3HyqRMW7L/FEbFFaY7/WNVa00ndM=
github.com/appellative-ai/collective v0.0.0-20250818144224-de9b527a6b79/go.mod h1:oD7NI3EJUpFknx405ym2f0hpMy+icwfM9EHR233u2Xw=
github.com/appellative-ai/collective v0.0.0-20250818181015-8f3fbd32b28b h1:FOpxr4+dPdWdlQBJEhUsOnzJD6an0OQOzszKcGkTR2g=
github.com/appellative-ai/collective v0.0.0-20250818181015-8f3fbd32b28b/go.mod h1:fr+qkZd21tkn8jYkxuHLKQTO3w3fnarC7QvgzYzQ4cU=
github.com/appellative-ai/collective v0.0.0-20250818194115-0e798980feb5 h1:KW0zRzD+JCofph9Xw1vxSHMlDficU/I68/WdV6x1Lcc=
github.com/appellative-ai/collective v0.0.0-20250818194115-0e798980feb5/go.mod h1:WqeMHPVEPnEoH+S3M/lFYWu024raytqYS8YfVJ5zthM=
github.com/appellative-ai/collective v0.0.0-20250819193859-13844a2e5b50 h1:hltrxt8zGBJRfETWJk0I+H7osTZ69DXhz3Zbcy5Oypg=
github.com/appellative-ai/collective v0.0.0-20250819193859-13844a2e5b50/go.mod h1:4o86mGogjCmnWidG38FSAdz65GXfve6wbR5VTum2rxg=
github.com/appellative-ai/collective v0.0.0-20250820130418-74adfaa005f3 h1:V9LhhFIOkooYUWqkmP/N1eYseXpbXzg6qG/ZqRo7l1s=
github.com/appellative-ai/collective v0.0.0-20250820130418-74adfaa005f3/go.mod h1:4o86mGogjCmnWidG38FSAdz65GXfve6wbR5VTum2rxg=
github.com/appellative-ai/core v0.0.0-20250716191654-e43fbfd4d1fc h1:rpknpCFb1pFxpNlxrIB2fcBgmx9TTSUzM9JhE6N7ens=
github.com/appellative-ai/core v0.0.0-20250716191654-e43fbfd4d1fc/go.mod h1:a8kfuZMJHcdtdksSK+aYw2Mp6lT+i25oQEB+UCqwyhs=
github.com/appellative-ai/core v0.0.0-20250718214136-5f1b6f89c8bc h1:EnU+940jwQOWWhg6r0a9rxIfObl9zogSugXnhy5sYcU=
github.com/appellative-ai/core v0.0.0-20250718214136-5f1b6f89c8bc/go.mod h1:a8kfuZMJHcdtdksSK+aYw2Mp6lT+i25oQEB+UCqwyhs=
github.com/appellative-ai/core v0.0.0-20250730174603-3bcfe4bd3506 h1:+rxW9rgv4wGuP99EnV/5YpxnXtFT5TvNV1CqHNZzlqQ=
github.com/appellative-ai/core v0.0.0-20250730174603-3bcfe4bd3506/go.mod h1:a8kfuZMJHcdtdksSK+aYw2Mp6lT+i25oQEB+UCqwyhs=
github.com/appellative-ai/core v0.0.0-20250730180148-c2b098beab47 h1:lQ4otuv/PJMPB8T0EM0zcTNPkHiQFCczGBIi9wvjVU8=
github.com/appellative-ai/core v0.0.0-20250730180148-c2b098beab47/go.mod h1:a8kfuZMJHcdtdksSK+aYw2Mp6lT+i25oQEB+UCqwyhs=
github.com/appellative-ai/core v0.0.0-20250730182135-88eedaa2879b h1:tZRxwrfIXk8Tvl/ZA1fr76qk0W6h1+IMhfbdyaDfmv8=
github.com/appellative-ai/core v0.0.0-20250730182135-88eedaa2879b/go.mod h1:a8kfuZMJHcdtdksSK+aYw2Mp6lT+i25oQEB+UCqwyhs=
github.com/appellative-ai/core v0.0.0-20250801122513-cde9b4375acf h1:t1C7PLgwVPmiMMMWCJxcLbQhSCevWLa+5TnljjRO814=
github.com/appellative-ai/core v0.0.0-20250801122513-cde9b4375acf/go.mod h1:a8kfuZMJHcdtdksSK+aYw2Mp6lT+i25oQEB+UCqwyhs=
github.com/appellative-ai/core v0.0.0-20250802190705-60a5cea3c61a h1:SaR9/V/bJ6lO6O2nyR+GKTb3lMJsieICSkmF9EDLcbY=
github.com/appellative-ai/core v0.0.0-20250802190705-60a5cea3c61a/go.mod h1:a8kfuZMJHcdtdksSK+aYw2Mp6lT+i25oQEB+UCqwyhs=
github.com/appellative-ai/core v0.0.0-20250807112339-6f7f35d978be/go.mod h1:a8kfuZMJHcdtdksSK+aYw2Mp6lT+i25oQEB+UCqwyhs=
github.com/appellative-ai/core v0.0.0-20250809145219-73de14c3a209 h1:1L298Js5Dxz8qYNi/EJe22+c4kQzmUCqYBYo66s6Mb8=
github.com/appellative-ai/core v0.0.0-20250809145219-73de14c3a209/go.mod h1:a8kfuZMJHcdtdksSK+aYw2Mp6lT+i25oQEB+UCqwyhs=
github.com/appellative-ai/core v0.0.0-20250811203946-7890a33ee0ff h1:gWrXy/7PMVkPHNAoZN+CZXUves1tNSUZ/ISvXVaCLVE=
github.com/appellative-ai/core v0.0.0-20250811203946-7890a33ee0ff/go.mod h1:a8kfuZMJHcdtdksSK+aYw2Mp6lT+i25oQEB+UCqwyhs=
github.com/appellative-ai/core v0.0.0-20250812104341-e45bd6077904 h1:aSbjnAs8qCpAamkDe75el8WKB5cTnoNe4WoGQmmQINw=
github.com/appellative-ai/core v0.0.0-20250812104341-e45bd6077904/go.mod h1:a8kfuZMJHcdtdksSK+aYw2Mp6lT+i25oQEB+UCqwyhs=
github.com/appellative-ai/core v0.0.0-20250815122620-d6c9ef48503c h1:PXOO8rVhSLAd2I017+A50HSZL51FxhCqr45txuJhjJg=
github.com/appellative-ai/core v0.0.0-20250815122620-d6c9ef48503c/go.mod h1:a8kfuZMJHcdtdksSK+aYw2Mp6lT+i25oQEB+UCqwyhs=
github.com/appellative-ai/core v0.0.0-20250818144858-eb3444610413 h1:rfmjNZhKf4keEEH/KFFbdnxZBTVzBbDeMmDHw53P85s=
github.com/appellative-ai/core v0.0.0-20250818144858-eb3444610413/go.mod h1:a8kfuZMJHcdtdksSK+aYw2Mp6lT+i25oQEB+UCqwyhs=
github.com/appellative-ai/core v0.0.0-20250818193759-5a393a47130a h1:ZivAm1PHN4r4tey0E8G3fPp6r8IpoeYONMFNn5VbZSI=
github.com/appellative-ai/core v0.0.0-20250818193759-5a393a47130a/go.mod h1:a8kfuZMJHcdtdksSK+aYw2Mp6lT+i25oQEB+UCqwyhs=
github.com/appellative-ai/core v0.0.0-20250818203108-5886a4fed0fa h1:kmDF8XeOHUTqgvwDDU60fixqj1JyJuv5gmpWKFWIl2k=
github.com/appellative-ai/core v0.0.0-20250818203108-5886a4fed0fa/go.mod h1:a8kfuZMJHcdtdksSK+aYw2Mp6lT+i25oQEB+UCqwyhs=
github.com/appellative-ai/core v0.0.0-20250820105212-5734a8ded1d6 h1:+cH/FWNWI4FndwIYa6aBjRcm0Y+CXs5+pE/GpgnaQiI=
github.com/appellative-ai/core v0.0.0-20250820105212-5734a8ded1d6/go.mod h1:a8kfuZMJHcdtdksSK+aYw2Mp6lT+i25oQEB+UCqwyhs=
github.com/appellative-ai/core v0.0.0-20250820111950-2c383ce94c33 h1:9V+CAWQ7ES/DzoFiVD0VSSho6G3ZF4kLQ5zRc5r7JKk=
github.com/appellative-ai/core v0.0.0-20250820111950-2c383ce94c33/go.mod h1:a8kfuZMJHcdtdksSK+aYw2Mp6lT+i25oQEB+UCqwyhs=
github.com/davecgh/go-spew v1.1.0 h1:ZDRjVQ15GmhC3fiQ8ni8+OwkZQO4DARzQgrnXU1Liz8=
github.com/davecgh/go-spew v1.1.0/go.mod h1:J7Y8YcW2NihsgmVo/mv3lAwl/skON4iLHjSsI+c5H38=
github.com/dchest/siphash v1.2.2/go.mod h1:q+IRvb2gOSrUnYoPqHiyHXS0FOBBOdl6tONBlVnOnt4=
github.com/dchest/siphash v1.2.3 h1:QXwFc8cFOR2dSa/gE6o/HokBMWtLUaNDVd+22aKHeEA=
github.com/dchest/siphash v1.2.3/go.mod h1:0NvQU092bT0ipiFN++/rXm69QG9tVxLAlQHIXMPAkHc=
github.com/dustinxie/lockfree v0.0.0-20210712051436-ed0ed42fd0d6 h1:OCG9DHxQwv2sABVGARZaUh4OK8dVaR3kzTIHV0vW4gg=
github.com/dustinxie/lockfree v0.0.0-20210712051436-ed0ed42fd0d6/go.mod h1:m7oIj8lFrQgKxP9h9m6GxjzGbTuMD5/5yXF8+pTpJms=
github.com/google/uuid v1.6.0 h1:NIvaJDMOsjHA8n1jAhLSgzrAzy1Hgr+hNrb57e+94F0=
github.com/google/uuid v1.6.0/go.mod h1:TIyPZe4MgqvfeYDBFedMoGGpEw/LqOeaOT+nhxU+yHo=
github.com/pmezard/go-difflib v1.0.0 h1:4DBwDE0NGyQoBHbLQYPwSUPoCMWR5BEzIk/f1lZbAQM=
github.com/pmezard/go-difflib v1.0.0/go.mod h1:iKH77koFhYxTK1pcRnkKkqfTogsbg7gZNVY4sRDYZ/4=
github.com/stretchr/objx v0.1.0/go.mod h1:HFkY916IF+rwdDfMAkV7OtwuqBVzrE8GR6GFx+wExME=
github.com/stretchr/testify v1.6.1 h1:hDPOHmpOpP40lSULcqw7IrRb/u7w6RpDC9399XyoNd0=
github.com/stretchr/testify v1.6.1/go.mod h1:6Fq8oRcR53rry900zMqJjRRixrwX3KX962/h/Wwjteg=
golang.org/x/time v0.12.0 h1:ScB/8o8olJvc+CQPWrK3fPZNfh7qgwCrY0zJmoEQLSE=
golang.org/x/time v0.12.0/go.mod h1:CDIdPxbZBQxdj6cxyCIdrNogrJKMJ7pr37NYpMcMDSg=
gopkg.in/check.v1 v0.0.0-20161208181325-20d25e280405/go.mod h1:Co6ibVJAznAaIkqp8huTwlJQCZ016jof/cbN4VW5Yz0=
gopkg.in/yaml.v3 v3.0.0-20200313102051-9f266ea9e77c h1:dUUwHk2QECo/6vqA44rthZ8ie2QXMNeKRTHCNY2nXvo=
gopkg.in/yaml.v3 v3.0.0-20200313102051-9f266ea9e77c/go.mod h1:K4uyk7z7BCEPqu6E+C64Yfv1cQ7kz7rIZviUmN+EgEM=
